// !$*UTF8*$!
{
	archiveVersion = 1;
	classes = {
	};
	objectVersion = 56;
	objects = {

/* Begin PBXBuildFile section */
		FB3A34992967687800D04979 /* AppDelegate.swift in Sources */ = {isa = PBXBuildFile; fileRef = FB3A34982967687800D04979 /* AppDelegate.swift */; };
		FB3A349B2967687800D04979 /* SceneDelegate.swift in Sources */ = {isa = PBXBuildFile; fileRef = FB3A349A2967687800D04979 /* SceneDelegate.swift */; };
		FB3A349D2967687800D04979 /* WelcomeViewController.swift in Sources */ = {isa = PBXBuildFile; fileRef = FB3A349C2967687800D04979 /* WelcomeViewController.swift */; };
		FB3A34A22967687800D04979 /* Assets.xcassets in Resources */ = {isa = PBXBuildFile; fileRef = FB3A34A12967687800D04979 /* Assets.xcassets */; };
		FB3A34A52967687800D04979 /* LaunchScreen.storyboard in Resources */ = {isa = PBXBuildFile; fileRef = FB3A34A32967687800D04979 /* LaunchScreen.storyboard */; };
		FB3A34AD29676B1400D04979 /* LoginViewController.swift in Sources */ = {isa = PBXBuildFile; fileRef = FB3A34AC29676B1400D04979 /* LoginViewController.swift */; };
		FB3A34AF29676B1A00D04979 /* SignUpViewController.swift in Sources */ = {isa = PBXBuildFile; fileRef = FB3A34AE29676B1A00D04979 /* SignUpViewController.swift */; };
		FB3A34B529676CC300D04979 /* TextFieldBuilder.swift in Sources */ = {isa = PBXBuildFile; fileRef = FB3A34B429676CC300D04979 /* TextFieldBuilder.swift */; };
/* End PBXBuildFile section */

/* Begin PBXFileReference section */
		FB3A34952967687800D04979 /* FirebaseAuth.app */ = {isa = PBXFileReference; explicitFileType = wrapper.application; includeInIndex = 0; path = FirebaseAuth.app; sourceTree = BUILT_PRODUCTS_DIR; };
		FB3A34982967687800D04979 /* AppDelegate.swift */ = {isa = PBXFileReference; lastKnownFileType = sourcecode.swift; path = AppDelegate.swift; sourceTree = "<group>"; };
		FB3A349A2967687800D04979 /* SceneDelegate.swift */ = {isa = PBXFileReference; lastKnownFileType = sourcecode.swift; path = SceneDelegate.swift; sourceTree = "<group>"; };
		FB3A349C2967687800D04979 /* WelcomeViewController.swift */ = {isa = PBXFileReference; lastKnownFileType = sourcecode.swift; path = WelcomeViewController.swift; sourceTree = "<group>"; };
		FB3A34A12967687800D04979 /* Assets.xcassets */ = {isa = PBXFileReference; lastKnownFileType = folder.assetcatalog; path = Assets.xcassets; sourceTree = "<group>"; };
		FB3A34A42967687800D04979 /* Base */ = {isa = PBXFileReference; lastKnownFileType = file.storyboard; name = Base; path = Base.lproj/LaunchScreen.storyboard; sourceTree = "<group>"; };
		FB3A34A62967687800D04979 /* Info.plist */ = {isa = PBXFileReference; lastKnownFileType = text.plist.xml; path = Info.plist; sourceTree = "<group>"; };
		FB3A34AC29676B1400D04979 /* LoginViewController.swift */ = {isa = PBXFileReference; lastKnownFileType = sourcecode.swift; path = LoginViewController.swift; sourceTree = "<group>"; };
		FB3A34AE29676B1A00D04979 /* SignUpViewController.swift */ = {isa = PBXFileReference; lastKnownFileType = sourcecode.swift; path = SignUpViewController.swift; sourceTree = "<group>"; };
		FB3A34B429676CC300D04979 /* TextFieldBuilder.swift */ = {isa = PBXFileReference; lastKnownFileType = sourcecode.swift; path = TextFieldBuilder.swift; sourceTree = "<group>"; };
/* End PBXFileReference section */

/* Begin PBXFrameworksBuildPhase section */
		FB3A34922967687800D04979 /* Frameworks */ = {
			isa = PBXFrameworksBuildPhase;
			buildActionMask = 2147483647;
			files = (
			);
			runOnlyForDeploymentPostprocessing = 0;
		};
/* End PBXFrameworksBuildPhase section */

/* Begin PBXGroup section */
		FB3A348C2967687800D04979 = {
			isa = PBXGroup;
			children = (
				FB3A34972967687800D04979 /* FirebaseAuth */,
				FB3A34962967687800D04979 /* Products */,
			);
			sourceTree = "<group>";
		};
		FB3A34962967687800D04979 /* Products */ = {
			isa = PBXGroup;
			children = (
				FB3A34952967687800D04979 /* FirebaseAuth.app */,
			);
			name = Products;
			sourceTree = "<group>";
		};
		FB3A34972967687800D04979 /* FirebaseAuth */ = {
			isa = PBXGroup;
			children = (
				FB3A34B329676CB900D04979 /* Builders */,
				FB3A34B129676B3400D04979 /* Supporting Files */,
				FB3A34B029676B2600D04979 /* ViewControllers */,
				FB3A34A62967687800D04979 /* Info.plist */,
			);
			path = FirebaseAuth;
			sourceTree = "<group>";
		};
		FB3A34B029676B2600D04979 /* ViewControllers */ = {
			isa = PBXGroup;
			children = (
				FB3A349C2967687800D04979 /* WelcomeViewController.swift */,
				FB3A34AC29676B1400D04979 /* LoginViewController.swift */,
				FB3A34AE29676B1A00D04979 /* SignUpViewController.swift */,
			);
			path = ViewControllers;
			sourceTree = "<group>";
		};
		FB3A34B129676B3400D04979 /* Supporting Files */ = {
			isa = PBXGroup;
			children = (
				FB3A34982967687800D04979 /* AppDelegate.swift */,
				FB3A349A2967687800D04979 /* SceneDelegate.swift */,
				FB3A34A12967687800D04979 /* Assets.xcassets */,
				FB3A34A32967687800D04979 /* LaunchScreen.storyboard */,
			);
			path = "Supporting Files";
			sourceTree = "<group>";
		};
		FB3A34B329676CB900D04979 /* Builders */ = {
			isa = PBXGroup;
			children = (
				FB3A34B429676CC300D04979 /* TextFieldBuilder.swift */,
			);
			path = Builders;
			sourceTree = "<group>";
		};
/* End PBXGroup section */

/* Begin PBXNativeTarget section */
		FB3A34942967687800D04979 /* FirebaseAuth */ = {
			isa = PBXNativeTarget;
			buildConfigurationList = FB3A34A92967687800D04979 /* Build configuration list for PBXNativeTarget "FirebaseAuth" */;
			buildPhases = (
				FB3A34912967687800D04979 /* Sources */,
				FB3A34922967687800D04979 /* Frameworks */,
				FB3A34932967687800D04979 /* Resources */,
			);
			buildRules = (
			);
			dependencies = (
			);
			name = FirebaseAuth;
			productName = FirebaseAuth;
			productReference = FB3A34952967687800D04979 /* FirebaseAuth.app */;
			productType = "com.apple.product-type.application";
		};
/* End PBXNativeTarget section */

/* Begin PBXProject section */
		FB3A348D2967687800D04979 /* Project object */ = {
			isa = PBXProject;
			attributes = {
				BuildIndependentTargetsInParallel = 1;
				LastSwiftUpdateCheck = 1420;
				LastUpgradeCheck = 1420;
				TargetAttributes = {
					FB3A34942967687800D04979 = {
						CreatedOnToolsVersion = 14.2;
					};
				};
			};
			buildConfigurationList = FB3A34902967687800D04979 /* Build configuration list for PBXProject "FirebaseAuth" */;
			compatibilityVersion = "Xcode 14.0";
			developmentRegion = en;
			hasScannedForEncodings = 0;
			knownRegions = (
				en,
				Base,
			);
			mainGroup = FB3A348C2967687800D04979;
			productRefGroup = FB3A34962967687800D04979 /* Products */;
			projectDirPath = "";
			projectRoot = "";
			targets = (
				FB3A34942967687800D04979 /* FirebaseAuth */,
			);
		};
/* End PBXProject section */

/* Begin PBXResourcesBuildPhase section */
		FB3A34932967687800D04979 /* Resources */ = {
			isa = PBXResourcesBuildPhase;
			buildActionMask = 2147483647;
			files = (
				FB3A34A52967687800D04979 /* LaunchScreen.storyboard in Resources */,
				FB3A34A22967687800D04979 /* Assets.xcassets in Resources */,
			);
			runOnlyForDeploymentPostprocessing = 0;
		};
/* End PBXResourcesBuildPhase section */

/* Begin PBXSourcesBuildPhase section */
		FB3A34912967687800D04979 /* Sources */ = {
			isa = PBXSourcesBuildPhase;
			buildActionMask = 2147483647;
			files = (
				FB3A34AD29676B1400D04979 /* LoginViewController.swift in Sources */,
				FB3A34B529676CC300D04979 /* TextFieldBuilder.swift in Sources */,
				FB3A349D2967687800D04979 /* WelcomeViewController.swift in Sources */,
				FB3A34992967687800D04979 /* AppDelegate.swift in Sources */,
				FB3A349B2967687800D04979 /* SceneDelegate.swift in Sources */,
				FB3A34AF29676B1A00D04979 /* SignUpViewController.swift in Sources */,
			);
			runOnlyForDeploymentPostprocessing = 0;
		};
/* End PBXSourcesBuildPhase section */

/* Begin PBXVariantGroup section */
		FB3A34A32967687800D04979 /* LaunchScreen.storyboard */ = {
			isa = PBXVariantGroup;
			children = (
				FB3A34A42967687800D04979 /* Base */,
			);
			name = LaunchScreen.storyboard;
			sourceTree = "<group>";
		};
/* End PBXVariantGroup section */

/* Begin XCBuildConfiguration section */
		FB3A34A72967687800D04979 /* Debug */ = {
			isa = XCBuildConfiguration;
			buildSettings = {
				ALWAYS_SEARCH_USER_PATHS = NO;
				CLANG_ANALYZER_NONNULL = YES;
				CLANG_ANALYZER_NUMBER_OBJECT_CONVERSION = YES_AGGRESSIVE;
				CLANG_CXX_LANGUAGE_STANDARD = "gnu++20";
				CLANG_ENABLE_MODULES = YES;
				CLANG_ENABLE_OBJC_ARC = YES;
				CLANG_ENABLE_OBJC_WEAK = YES;
				CLANG_WARN_BLOCK_CAPTURE_AUTORELEASING = YES;
				CLANG_WARN_BOOL_CONVERSION = YES;
				CLANG_WARN_COMMA = YES;
				CLANG_WARN_CONSTANT_CONVERSION = YES;
				CLANG_WARN_DEPRECATED_OBJC_IMPLEMENTATIONS = YES;
				CLANG_WARN_DIRECT_OBJC_ISA_USAGE = YES_ERROR;
				CLANG_WARN_DOCUMENTATION_COMMENTS = YES;
				CLANG_WARN_EMPTY_BODY = YES;
				CLANG_WARN_ENUM_CONVERSION = YES;
				CLANG_WARN_INFINITE_RECURSION = YES;
				CLANG_WARN_INT_CONVERSION = YES;
				CLANG_WARN_NON_LITERAL_NULL_CONVERSION = YES;
				CLANG_WARN_OBJC_IMPLICIT_RETAIN_SELF = YES;
				CLANG_WARN_OBJC_LITERAL_CONVERSION = YES;
				CLANG_WARN_OBJC_ROOT_CLASS = YES_ERROR;
				CLANG_WARN_QUOTED_INCLUDE_IN_FRAMEWORK_HEADER = YES;
				CLANG_WARN_RANGE_LOOP_ANALYSIS = YES;
				CLANG_WARN_STRICT_PROTOTYPES = YES;
				CLANG_WARN_SUSPICIOUS_MOVE = YES;
				CLANG_WARN_UNGUARDED_AVAILABILITY = YES_AGGRESSIVE;
				CLANG_WARN_UNREACHABLE_CODE = YES;
				CLANG_WARN__DUPLICATE_METHOD_MATCH = YES;
				COPY_PHASE_STRIP = NO;
				DEBUG_INFORMATION_FORMAT = dwarf;
				ENABLE_STRICT_OBJC_MSGSEND = YES;
				ENABLE_TESTABILITY = YES;
				GCC_C_LANGUAGE_STANDARD = gnu11;
				GCC_DYNAMIC_NO_PIC = NO;
				GCC_NO_COMMON_BLOCKS = YES;
				GCC_OPTIMIZATION_LEVEL = 0;
				GCC_PREPROCESSOR_DEFINITIONS = (
					"DEBUG=1",
					"$(inherited)",
				);
				GCC_WARN_64_TO_32_BIT_CONVERSION = YES;
				GCC_WARN_ABOUT_RETURN_TYPE = YES_ERROR;
				GCC_WARN_UNDECLARED_SELECTOR = YES;
				GCC_WARN_UNINITIALIZED_AUTOS = YES_AGGRESSIVE;
				GCC_WARN_UNUSED_FUNCTION = YES;
				GCC_WARN_UNUSED_VARIABLE = YES;
				IPHONEOS_DEPLOYMENT_TARGET = 16.2;
				MTL_ENABLE_DEBUG_INFO = INCLUDE_SOURCE;
				MTL_FAST_MATH = YES;
				ONLY_ACTIVE_ARCH = YES;
				SDKROOT = iphoneos;
				SWIFT_ACTIVE_COMPILATION_CONDITIONS = DEBUG;
				SWIFT_OPTIMIZATION_LEVEL = "-Onone";
			};
			name = Debug;
		};
		FB3A34A82967687800D04979 /* Release */ = {
			isa = XCBuildConfiguration;
			buildSettings = {
				ALWAYS_SEARCH_USER_PATHS = NO;
				CLANG_ANALYZER_NONNULL = YES;
				CLANG_ANALYZER_NUMBER_OBJECT_CONVERSION = YES_AGGRESSIVE;
				CLANG_CXX_LANGUAGE_STANDARD = "gnu++20";
				CLANG_ENABLE_MODULES = YES;
				CLANG_ENABLE_OBJC_ARC = YES;
				CLANG_ENABLE_OBJC_WEAK = YES;
				CLANG_WARN_BLOCK_CAPTURE_AUTORELEASING = YES;
				CLANG_WARN_BOOL_CONVERSION = YES;
				CLANG_WARN_COMMA = YES;
				CLANG_WARN_CONSTANT_CONVERSION = YES;
				CLANG_WARN_DEPRECATED_OBJC_IMPLEMENTATIONS = YES;
				CLANG_WARN_DIRECT_OBJC_ISA_USAGE = YES_ERROR;
				CLANG_WARN_DOCUMENTATION_COMMENTS = YES;
				CLANG_WARN_EMPTY_BODY = YES;
				CLANG_WARN_ENUM_CONVERSION = YES;
				CLANG_WARN_INFINITE_RECURSION = YES;
				CLANG_WARN_INT_CONVERSION = YES;
				CLANG_WARN_NON_LITERAL_NULL_CONVERSION = YES;
				CLANG_WARN_OBJC_IMPLICIT_RETAIN_SELF = YES;
				CLANG_WARN_OBJC_LITERAL_CONVERSION = YES;
				CLANG_WARN_OBJC_ROOT_CLASS = YES_ERROR;
				CLANG_WARN_QUOTED_INCLUDE_IN_FRAMEWORK_HEADER = YES;
				CLANG_WARN_RANGE_LOOP_ANALYSIS = YES;
				CLANG_WARN_STRICT_PROTOTYPES = YES;
				CLANG_WARN_SUSPICIOUS_MOVE = YES;
				CLANG_WARN_UNGUARDED_AVAILABILITY = YES_AGGRESSIVE;
				CLANG_WARN_UNREACHABLE_CODE = YES;
				CLANG_WARN__DUPLICATE_METHOD_MATCH = YES;
				COPY_PHASE_STRIP = NO;
				DEBUG_INFORMATION_FORMAT = "dwarf-with-dsym";
				ENABLE_NS_ASSERTIONS = NO;
				ENABLE_STRICT_OBJC_MSGSEND = YES;
				GCC_C_LANGUAGE_STANDARD = gnu11;
				GCC_NO_COMMON_BLOCKS = YES;
				GCC_WARN_64_TO_32_BIT_CONVERSION = YES;
				GCC_WARN_ABOUT_RETURN_TYPE = YES_ERROR;
				GCC_WARN_UNDECLARED_SELECTOR = YES;
				GCC_WARN_UNINITIALIZED_AUTOS = YES_AGGRESSIVE;
				GCC_WARN_UNUSED_FUNCTION = YES;
				GCC_WARN_UNUSED_VARIABLE = YES;
				IPHONEOS_DEPLOYMENT_TARGET = 16.2;
				MTL_ENABLE_DEBUG_INFO = NO;
				MTL_FAST_MATH = YES;
				SDKROOT = iphoneos;
				SWIFT_COMPILATION_MODE = wholemodule;
				SWIFT_OPTIMIZATION_LEVEL = "-O";
				VALIDATE_PRODUCT = YES;
			};
			name = Release;
		};
		FB3A34AA2967687800D04979 /* Debug */ = {
			isa = XCBuildConfiguration;
			buildSettings = {
				ASSETCATALOG_COMPILER_APPICON_NAME = AppIcon;
				ASSETCATALOG_COMPILER_GLOBAL_ACCENT_COLOR_NAME = AccentColor;
				CODE_SIGN_STYLE = Automatic;
				CURRENT_PROJECT_VERSION = 1;
				DEVELOPMENT_TEAM = HG8VJQPKXZ;
				GENERATE_INFOPLIST_FILE = YES;
				INFOPLIST_FILE = FirebaseAuth/Info.plist;
				INFOPLIST_KEY_UIApplicationSupportsIndirectInputEvents = YES;
				INFOPLIST_KEY_UILaunchStoryboardName = LaunchScreen;
				INFOPLIST_KEY_UISupportedInterfaceOrientations = UIInterfaceOrientationPortrait;
				INFOPLIST_KEY_UISupportedInterfaceOrientations_iPad = "UIInterfaceOrientationLandscapeLeft UIInterfaceOrientationLandscapeRight UIInterfaceOrientationPortrait UIInterfaceOrientationPortraitUpsideDown";
				LD_RUNPATH_SEARCH_PATHS = (
					"$(inherited)",
					"@executable_path/Frameworks",
				);
				MARKETING_VERSION = 1.0;
				PRODUCT_BUNDLE_IDENTIFIER = dev.nsemir.FirebaseAuth;
				PRODUCT_NAME = "$(TARGET_NAME)";
				SUPPORTED_PLATFORMS = "iphoneos iphonesimulator";
				SUPPORTS_MACCATALYST = NO;
				SUPPORTS_MAC_DESIGNED_FOR_IPHONE_IPAD = NO;
				SWIFT_EMIT_LOC_STRINGS = YES;
				SWIFT_VERSION = 5.0;
				TARGETED_DEVICE_FAMILY = 1;
			};
			name = Debug;
		};
		FB3A34AB2967687800D04979 /* Release */ = {
			isa = XCBuildConfiguration;
			buildSettings = {
				ASSETCATALOG_COMPILER_APPICON_NAME = AppIcon;
				ASSETCATALOG_COMPILER_GLOBAL_ACCENT_COLOR_NAME = AccentColor;
				CODE_SIGN_STYLE = Automatic;
				CURRENT_PROJECT_VERSION = 1;
				DEVELOPMENT_TEAM = HG8VJQPKXZ;
				GENERATE_INFOPLIST_FILE = YES;
				INFOPLIST_FILE = FirebaseAuth/Info.plist;
				INFOPLIST_KEY_UIApplicationSupportsIndirectInputEvents = YES;
				INFOPLIST_KEY_UILaunchStoryboardName = LaunchScreen;
				INFOPLIST_KEY_UISupportedInterfaceOrientations = UIInterfaceOrientationPortrait;
				INFOPLIST_KEY_UISupportedInterfaceOrientations_iPad = "UIInterfaceOrientationLandscapeLeft UIInterfaceOrientationLandscapeRight UIInterfaceOrientationPortrait UIInterfaceOrientationPortraitUpsideDown";
				LD_RUNPATH_SEARCH_PATHS = (
					"$(inherited)",
					"@executable_path/Frameworks",
				);
				MARKETING_VERSION = 1.0;
				PRODUCT_BUNDLE_IDENTIFIER = dev.nsemir.FirebaseAuth;
				PRODUCT_NAME = "$(TARGET_NAME)";
				SUPPORTED_PLATFORMS = "iphoneos iphonesimulator";
				SUPPORTS_MACCATALYST = NO;
				SUPPORTS_MAC_DESIGNED_FOR_IPHONE_IPAD = NO;
				SWIFT_EMIT_LOC_STRINGS = YES;
				SWIFT_VERSION = 5.0;
				TARGETED_DEVICE_FAMILY = 1;
			};
			name = Release;
		};
/* End XCBuildConfiguration section */

/* Begin XCConfigurationList section */
		FB3A34902967687800D04979 /* Build configuration list for PBXProject "FirebaseAuth" */ = {
			isa = XCConfigurationList;
			buildConfigurations = (
				FB3A34A72967687800D04979 /* Debug */,
				FB3A34A82967687800D04979 /* Release */,
			);
			defaultConfigurationIsVisible = 0;
			defaultConfigurationName = Release;
		};
		FB3A34A92967687800D04979 /* Build configuration list for PBXNativeTarget "FirebaseAuth" */ = {
			isa = XCConfigurationList;
			buildConfigurations = (
				FB3A34AA2967687800D04979 /* Debug */,
				FB3A34AB2967687800D04979 /* Release */,
			);
			defaultConfigurationIsVisible = 0;
			defaultConfigurationName = Release;
		};
/* End XCConfigurationList section */
	};
	rootObject = FB3A348D2967687800D04979 /* Project object */;
}
